// !$*UTF8*$!
{
	archiveVersion = 1;
	classes = {
	};
	objectVersion = 50;
	objects = {

/* Begin PBXBuildFile section */
		8751D08A221EAF75009B856B /* AppDelegate.swift in Sources */ = {isa = PBXBuildFile; fileRef = 8751D089221EAF75009B856B /* AppDelegate.swift */; };
		8751D08C221EAF75009B856B /* ViewController.swift in Sources */ = {isa = PBXBuildFile; fileRef = 8751D08B221EAF75009B856B /* ViewController.swift */; };
		8751D08F221EAF75009B856B /* Main.storyboard in Resources */ = {isa = PBXBuildFile; fileRef = 8751D08D221EAF75009B856B /* Main.storyboard */; };
		8751D091221EAF78009B856B /* Assets.xcassets in Resources */ = {isa = PBXBuildFile; fileRef = 8751D090221EAF78009B856B /* Assets.xcassets */; };
		8751D094221EAF78009B856B /* LaunchScreen.storyboard in Resources */ = {isa = PBXBuildFile; fileRef = 8751D092221EAF78009B856B /* LaunchScreen.storyboard */; };
		8751D0A2221EB418009B856B /* DetailsViewController.swift in Sources */ = {isa = PBXBuildFile; fileRef = 8751D0A1221EB418009B856B /* DetailsViewController.swift */; };
/* End PBXBuildFile section */

/* Begin PBXFileReference section */
		8751D086221EAF75009B856B /* Country Information.app */ = {isa = PBXFileReference; explicitFileType = wrapper.application; includeInIndex = 0; path = "Country Information.app"; sourceTree = BUILT_PRODUCTS_DIR; };
		8751D089221EAF75009B856B /* AppDelegate.swift */ = {isa = PBXFileReference; lastKnownFileType = sourcecode.swift; path = AppDelegate.swift; sourceTree = "<group>"; };
		8751D08B221EAF75009B856B /* ViewController.swift */ = {isa = PBXFileReference; lastKnownFileType = sourcecode.swift; path = ViewController.swift; sourceTree = "<group>"; };
		8751D08E221EAF75009B856B /* Base */ = {isa = PBXFileReference; lastKnownFileType = file.storyboard; name = Base; path = Base.lproj/Main.storyboard; sourceTree = "<group>"; };
		8751D090221EAF78009B856B /* Assets.xcassets */ = {isa = PBXFileReference; lastKnownFileType = folder.assetcatalog; path = Assets.xcassets; sourceTree = "<group>"; };
		8751D093221EAF78009B856B /* Base */ = {isa = PBXFileReference; lastKnownFileType = file.storyboard; name = Base; path = Base.lproj/LaunchScreen.storyboard; sourceTree = "<group>"; };
		8751D095221EAF78009B856B /* Info.plist */ = {isa = PBXFileReference; lastKnownFileType = text.plist.xml; path = Info.plist; sourceTree = "<group>"; };
		8751D0A1221EB418009B856B /* DetailsViewController.swift */ = {isa = PBXFileReference; lastKnownFileType = sourcecode.swift; path = DetailsViewController.swift; sourceTree = "<group>"; };
/* End PBXFileReference section */

/* Begin PBXFrameworksBuildPhase section */
		8751D083221EAF75009B856B /* Frameworks */ = {
			isa = PBXFrameworksBuildPhase;
			buildActionMask = 2147483647;
			files = (
			);
			runOnlyForDeploymentPostprocessing = 0;
		};
/* End PBXFrameworksBuildPhase section */

/* Begin PBXGroup section */
		8751D07D221EAF75009B856B = {
			isa = PBXGroup;
			children = (
				8751D088221EAF75009B856B /* Country Information */,
				8751D087221EAF75009B856B /* Products */,
			);
			sourceTree = "<group>";
		};
		8751D087221EAF75009B856B /* Products */ = {
			isa = PBXGroup;
			children = (
				8751D086221EAF75009B856B /* Country Information.app */,
			);
			name = Products;
			sourceTree = "<group>";
		};
		8751D088221EAF75009B856B /* Country Information */ = {
			isa = PBXGroup;
			children = (
				8751D089221EAF75009B856B /* AppDelegate.swift */,
				8751D09E221EAF9A009B856B /* Model */,
				8751D09D221EAF96009B856B /* View */,
				8751D09C221EAF90009B856B /* Controller */,
				8751D09B221EAF87009B856B /* Supporting FIles */,
				8751D095221EAF78009B856B /* Info.plist */,
			);
			path = "Country Information";
			sourceTree = "<group>";
		};
		8751D09B221EAF87009B856B /* Supporting FIles */ = {
			isa = PBXGroup;
			children = (
				8751D090221EAF78009B856B /* Assets.xcassets */,
				8751D092221EAF78009B856B /* LaunchScreen.storyboard */,
			);
			path = "Supporting FIles";
			sourceTree = "<group>";
		};
		8751D09C221EAF90009B856B /* Controller */ = {
			isa = PBXGroup;
			children = (
				8751D08B221EAF75009B856B /* ViewController.swift */,
				8751D0A1221EB418009B856B /* DetailsViewController.swift */,
			);
			path = Controller;
			sourceTree = "<group>";
		};
		8751D09D221EAF96009B856B /* View */ = {
			isa = PBXGroup;
			children = (
				8751D08D221EAF75009B856B /* Main.storyboard */,
			);
			path = View;
			sourceTree = "<group>";
		};
		8751D09E221EAF9A009B856B /* Model */ = {
			isa = PBXGroup;
			children = (
			);
			path = Model;
			sourceTree = "<group>";
		};
/* End PBXGroup section */

/* Begin PBXNativeTarget section */
		8751D085221EAF75009B856B /* Country Information */ = {
			isa = PBXNativeTarget;
			buildConfigurationList = 8751D098221EAF78009B856B /* Build configuration list for PBXNativeTarget "Country Information" */;
			buildPhases = (
				8751D082221EAF75009B856B /* Sources */,
				8751D083221EAF75009B856B /* Frameworks */,
				8751D084221EAF75009B856B /* Resources */,
			);
			buildRules = (
			);
			dependencies = (
			);
			name = "Country Information";
			productName = "Country Information";
			productReference = 8751D086221EAF75009B856B /* Country Information.app */;
			productType = "com.apple.product-type.application";
		};
/* End PBXNativeTarget section */

/* Begin PBXProject section */
		8751D07E221EAF75009B856B /* Project object */ = {
			isa = PBXProject;
			attributes = {
				LastSwiftUpdateCheck = 1010;
				LastUpgradeCheck = 1010;
				ORGANIZATIONNAME = "S M HEMEL";
				TargetAttributes = {
					8751D085221EAF75009B856B = {
						CreatedOnToolsVersion = 10.1;
					};
				};
			};
			buildConfigurationList = 8751D081221EAF75009B856B /* Build configuration list for PBXProject "Country Information" */;
			compatibilityVersion = "Xcode 9.3";
			developmentRegion = en;
			hasScannedForEncodings = 0;
			knownRegions = (
				en,
				Base,
			);
			mainGroup = 8751D07D221EAF75009B856B;
			productRefGroup = 8751D087221EAF75009B856B /* Products */;
			projectDirPath = "";
			projectRoot = "";
			targets = (
				8751D085221EAF75009B856B /* Country Information */,
			);
		};
/* End PBXProject section */

/* Begin PBXResourcesBuildPhase section */
		8751D084221EAF75009B856B /* Resources */ = {
			isa = PBXResourcesBuildPhase;
			buildActionMask = 2147483647;
			files = (
				8751D094221EAF78009B856B /* LaunchScreen.storyboard in Resources */,
				8751D091221EAF78009B856B /* Assets.xcassets in Resources */,
				8751D08F221EAF75009B856B /* Main.storyboard in Resources */,
			);
			runOnlyForDeploymentPostprocessing = 0;
		};
/* End PBXResourcesBuildPhase section */

/* Begin PBXSourcesBuildPhase section */
		8751D082221EAF75009B856B /* Sources */ = {
			isa = PBXSourcesBuildPhase;
			buildActionMask = 2147483647;
			files = (
				8751D08C221EAF75009B856B /* ViewController.swift in Sources */,
				8751D08A221EAF75009B856B /* AppDelegate.swift in Sources */,
				8751D0A2221EB418009B856B /* DetailsViewController.swift in Sources */,
			);
			runOnlyForDeploymentPostprocessing = 0;
		};
/* End PBXSourcesBuildPhase section */

/* Begin PBXVariantGroup section */
		8751D08D221EAF75009B856B /* Main.storyboard */ = {
			isa = PBXVariantGroup;
			children = (
				8751D08E221EAF75009B856B /* Base */,
			);
			name = Main.storyboard;
			sourceTree = "<group>";
		};
		8751D092221EAF78009B856B /* LaunchScreen.storyboard */ = {
			isa = PBXVariantGroup;
			children = (
				8751D093221EAF78009B856B /* Base */,
			);
			name = LaunchScreen.storyboard;
			sourceTree = "<group>";
		};
/* End PBXVariantGroup section */

/* Begin XCBuildConfiguration section */
		8751D096221EAF78009B856B /* Debug */ = {
			isa = XCBuildConfiguration;
			buildSettings = {
				ALWAYS_SEARCH_USER_PATHS = NO;
				CLANG_ANALYZER_NONNULL = YES;
				CLANG_ANALYZER_NUMBER_OBJECT_CONVERSION = YES_AGGRESSIVE;
				CLANG_CXX_LANGUAGE_STANDARD = "gnu++14";
				CLANG_CXX_LIBRARY = "libc++";
				CLANG_ENABLE_MODULES = YES;
				CLANG_ENABLE_OBJC_ARC = YES;
				CLANG_ENABLE_OBJC_WEAK = YES;
				CLANG_WARN_BLOCK_CAPTURE_AUTORELEASING = YES;
				CLANG_WARN_BOOL_CONVERSION = YES;
				CLANG_WARN_COMMA = YES;
				CLANG_WARN_CONSTANT_CONVERSION = YES;
				CLANG_WARN_DEPRECATED_OBJC_IMPLEMENTATIONS = YES;
				CLANG_WARN_DIRECT_OBJC_ISA_USAGE = YES_ERROR;
				CLANG_WARN_DOCUMENTATION_COMMENTS = YES;
				CLANG_WARN_EMPTY_BODY = YES;
				CLANG_WARN_ENUM_CONVERSION = YES;
				CLANG_WARN_INFINITE_RECURSION = YES;
				CLANG_WARN_INT_CONVERSION = YES;
				CLANG_WARN_NON_LITERAL_NULL_CONVERSION = YES;
				CLANG_WARN_OBJC_IMPLICIT_RETAIN_SELF = YES;
				CLANG_WARN_OBJC_LITERAL_CONVERSION = YES;
				CLANG_WARN_OBJC_ROOT_CLASS = YES_ERROR;
				CLANG_WARN_RANGE_LOOP_ANALYSIS = YES;
				CLANG_WARN_STRICT_PROTOTYPES = YES;
				CLANG_WARN_SUSPICIOUS_MOVE = YES;
				CLANG_WARN_UNGUARDED_AVAILABILITY = YES_AGGRESSIVE;
				CLANG_WARN_UNREACHABLE_CODE = YES;
				CLANG_WARN__DUPLICATE_METHOD_MATCH = YES;
				CODE_SIGN_IDENTITY = "iPhone Developer";
				COPY_PHASE_STRIP = NO;
				DEBUG_INFORMATION_FORMAT = dwarf;
				ENABLE_STRICT_OBJC_MSGSEND = YES;
				ENABLE_TESTABILITY = YES;
				GCC_C_LANGUAGE_STANDARD = gnu11;
				GCC_DYNAMIC_NO_PIC = NO;
				GCC_NO_COMMON_BLOCKS = YES;
				GCC_OPTIMIZATION_LEVEL = 0;
				GCC_PREPROCESSOR_DEFINITIONS = (
					"DEBUG=1",
					"$(inherited)",
				);
				GCC_WARN_64_TO_32_BIT_CONVERSION = YES;
				GCC_WARN_ABOUT_RETURN_TYPE = YES_ERROR;
				GCC_WARN_UNDECLARED_SELECTOR = YES;
				GCC_WARN_UNINITIALIZED_AUTOS = YES_AGGRESSIVE;
				GCC_WARN_UNUSED_FUNCTION = YES;
				GCC_WARN_UNUSED_VARIABLE = YES;
				IPHONEOS_DEPLOYMENT_TARGET = 12.1;
				MTL_ENABLE_DEBUG_INFO = INCLUDE_SOURCE;
				MTL_FAST_MATH = YES;
				ONLY_ACTIVE_ARCH = YES;
				SDKROOT = iphoneos;
				SWIFT_ACTIVE_COMPILATION_CONDITIONS = DEBUG;
				SWIFT_OPTIMIZATION_LEVEL = "-Onone";
			};
			name = Debug;
		};
		8751D097221EAF78009B856B /* Release */ = {
			isa = XCBuildConfiguration;
			buildSettings = {
				ALWAYS_SEARCH_USER_PATHS = NO;
				CLANG_ANALYZER_NONNULL = YES;
				CLANG_ANALYZER_NUMBER_OBJECT_CONVERSION = YES_AGGRESSIVE;
				CLANG_CXX_LANGUAGE_STANDARD = "gnu++14";
				CLANG_CXX_LIBRARY = "libc++";
				CLANG_ENABLE_MODULES = YES;
				CLANG_ENABLE_OBJC_ARC = YES;
				CLANG_ENABLE_OBJC_WEAK = YES;
				CLANG_WARN_BLOCK_CAPTURE_AUTORELEASING = YES;
				CLANG_WARN_BOOL_CONVERSION = YES;
				CLANG_WARN_COMMA = YES;
				CLANG_WARN_CONSTANT_CONVERSION = YES;
				CLANG_WARN_DEPRECATED_OBJC_IMPLEMENTATIONS = YES;
				CLANG_WARN_DIRECT_OBJC_ISA_USAGE = YES_ERROR;
				CLANG_WARN_DOCUMENTATION_COMMENTS = YES;
				CLANG_WARN_EMPTY_BODY = YES;
				CLANG_WARN_ENUM_CONVERSION = YES;
				CLANG_WARN_INFINITE_RECURSION = YES;
				CLANG_WARN_INT_CONVERSION = YES;
				CLANG_WARN_NON_LITERAL_NULL_CONVERSION = YES;
				CLANG_WARN_OBJC_IMPLICIT_RETAIN_SELF = YES;
				CLANG_WARN_OBJC_LITERAL_CONVERSION = YES;
				CLANG_WARN_OBJC_ROOT_CLASS = YES_ERROR;
				CLANG_WARN_RANGE_LOOP_ANALYSIS = YES;
				CLANG_WARN_STRICT_PROTOTYPES = YES;
				CLANG_WARN_SUSPICIOUS_MOVE = YES;
				CLANG_WARN_UNGUARDED_AVAILABILITY = YES_AGGRESSIVE;
				CLANG_WARN_UNREACHABLE_CODE = YES;
				CLANG_WARN__DUPLICATE_METHOD_MATCH = YES;
				CODE_SIGN_IDENTITY = "iPhone Developer";
				COPY_PHASE_STRIP = NO;
				DEBUG_INFORMATION_FORMAT = "dwarf-with-dsym";
				ENABLE_NS_ASSERTIONS = NO;
				ENABLE_STRICT_OBJC_MSGSEND = YES;
				GCC_C_LANGUAGE_STANDARD = gnu11;
				GCC_NO_COMMON_BLOCKS = YES;
				GCC_WARN_64_TO_32_BIT_CONVERSION = YES;
				GCC_WARN_ABOUT_RETURN_TYPE = YES_ERROR;
				GCC_WARN_UNDECLARED_SELECTOR = YES;
				GCC_WARN_UNINITIALIZED_AUTOS = YES_AGGRESSIVE;
				GCC_WARN_UNUSED_FUNCTION = YES;
				GCC_WARN_UNUSED_VARIABLE = YES;
				IPHONEOS_DEPLOYMENT_TARGET = 12.1;
				MTL_ENABLE_DEBUG_INFO = NO;
				MTL_FAST_MATH = YES;
				SDKROOT = iphoneos;
				SWIFT_COMPILATION_MODE = wholemodule;
				SWIFT_OPTIMIZATION_LEVEL = "-O";
				VALIDATE_PRODUCT = YES;
			};
			name = Release;
		};
		8751D099221EAF78009B856B /* Debug */ = {
			isa = XCBuildConfiguration;
			buildSettings = {
				ASSETCATALOG_COMPILER_APPICON_NAME = AppIcon;
				CODE_SIGN_STYLE = Automatic;
				DEVELOPMENT_TEAM = 9BS6UYQ9N9;
				INFOPLIST_FILE = "Country Information/Info.plist";
				LD_RUNPATH_SEARCH_PATHS = (
					"$(inherited)",
					"@executable_path/Frameworks",
				);
				PRODUCT_BUNDLE_IDENTIFIER = "Eastern-University.Country-Information";
				PRODUCT_NAME = "$(TARGET_NAME)";
				SWIFT_VERSION = 4.2;
				TARGETED_DEVICE_FAMILY = "1,2";
			};
			name = Debug;
		};
		8751D09A221EAF78009B856B /* Release */ = {
			isa = XCBuildConfiguration;
			buildSettings = {
				ASSETCATALOG_COMPILER_APPICON_NAME = AppIcon;
				CODE_SIGN_STYLE = Automatic;
				DEVELOPMENT_TEAM = 9BS6UYQ9N9;
				INFOPLIST_FILE = "Country Information/Info.plist";
				LD_RUNPATH_SEARCH_PATHS = (
					"$(inherited)",
					"@executable_path/Frameworks",
				);
				PRODUCT_BUNDLE_IDENTIFIER = "Eastern-University.Country-Information";
				PRODUCT_NAME = "$(TARGET_NAME)";
				SWIFT_VERSION = 4.2;
				TARGETED_DEVICE_FAMILY = "1,2";
			};
			name = Release;
		};
/* End XCBuildConfiguration section */

/* Begin XCConfigurationList section */
		8751D081221EAF75009B856B /* Build configuration list for PBXProject "Country Information" */ = {
			isa = XCConfigurationList;
			buildConfigurations = (
				8751D096221EAF78009B856B /* Debug */,
				8751D097221EAF78009B856B /* Release */,
			);
			defaultConfigurationIsVisible = 0;
			defaultConfigurationName = Release;
		};
		8751D098221EAF78009B856B /* Build configuration list for PBXNativeTarget "Country Information" */ = {
			isa = XCConfigurationList;
			buildConfigurations = (
				8751D099221EAF78009B856B /* Debug */,
				8751D09A221EAF78009B856B /* Release */,
			);
			defaultConfigurationIsVisible = 0;
			defaultConfigurationName = Release;
		};
/* End XCConfigurationList section */
	};
	rootObject = 8751D07E221EAF75009B856B /* Project object */;
}
