// !$*UTF8*$!
{
	archiveVersion = 1;
	classes = {
	};
	objectVersion = 46;
	objects = {

/* Begin PBXBuildFile section */
		8765F4A921F4E74100F63C9E /* Default-568h@2x.png in Resources */ = {isa = PBXBuildFile; fileRef = 8765F4A821F4E74100F63C9E /* Default-568h@2x.png */; };
		C83721F01D19C23C00F311F0 /* AppDelegate.swift in Sources */ = {isa = PBXBuildFile; fileRef = C83721EF1D19C23C00F311F0 /* AppDelegate.swift */; };
		C83721F21D19C23C00F311F0 /* ViewController.swift in Sources */ = {isa = PBXBuildFile; fileRef = C83721F11D19C23C00F311F0 /* ViewController.swift */; };
		C83721F51D19C23C00F311F0 /* Main.storyboard in Resources */ = {isa = PBXBuildFile; fileRef = C83721F31D19C23C00F311F0 /* Main.storyboard */; };
		C83721F71D19C23C00F311F0 /* Assets.xcassets in Resources */ = {isa = PBXBuildFile; fileRef = C83721F61D19C23C00F311F0 /* Assets.xcassets */; };
		C83721FA1D19C23C00F311F0 /* LaunchScreen.storyboard in Resources */ = {isa = PBXBuildFile; fileRef = C83721F81D19C23C00F311F0 /* LaunchScreen.storyboard */; };
		C8F140CF1D2BA20200D6ACE9 /* background.jpeg in Resources */ = {isa = PBXBuildFile; fileRef = C8F140CE1D2BA20200D6ACE9 /* background.jpeg */; };
/* End PBXBuildFile section */

/* Begin PBXFileReference section */
		8765F4A821F4E74100F63C9E /* Default-568h@2x.png */ = {isa = PBXFileReference; lastKnownFileType = image.png; path = "Default-568h@2x.png"; sourceTree = "<group>"; };
		C83721EC1D19C23C00F311F0 /* API Demo.app */ = {isa = PBXFileReference; explicitFileType = wrapper.application; includeInIndex = 0; path = "API Demo.app"; sourceTree = BUILT_PRODUCTS_DIR; };
		C83721EF1D19C23C00F311F0 /* AppDelegate.swift */ = {isa = PBXFileReference; lastKnownFileType = sourcecode.swift; path = AppDelegate.swift; sourceTree = "<group>"; };
		C83721F11D19C23C00F311F0 /* ViewController.swift */ = {isa = PBXFileReference; lastKnownFileType = sourcecode.swift; path = ViewController.swift; sourceTree = "<group>"; };
		C83721F41D19C23C00F311F0 /* Base */ = {isa = PBXFileReference; lastKnownFileType = file.storyboard; name = Base; path = Base.lproj/Main.storyboard; sourceTree = "<group>"; };
		C83721F61D19C23C00F311F0 /* Assets.xcassets */ = {isa = PBXFileReference; lastKnownFileType = folder.assetcatalog; path = Assets.xcassets; sourceTree = "<group>"; };
		C83721F91D19C23C00F311F0 /* Base */ = {isa = PBXFileReference; lastKnownFileType = file.storyboard; name = Base; path = Base.lproj/LaunchScreen.storyboard; sourceTree = "<group>"; };
		C83721FB1D19C23C00F311F0 /* Info.plist */ = {isa = PBXFileReference; lastKnownFileType = text.plist.xml; path = Info.plist; sourceTree = "<group>"; };
		C8F140CE1D2BA20200D6ACE9 /* background.jpeg */ = {isa = PBXFileReference; lastKnownFileType = image.jpeg; path = background.jpeg; sourceTree = "<group>"; };
/* End PBXFileReference section */

/* Begin PBXFrameworksBuildPhase section */
		C83721E91D19C23C00F311F0 /* Frameworks */ = {
			isa = PBXFrameworksBuildPhase;
			buildActionMask = 2147483647;
			files = (
			);
			runOnlyForDeploymentPostprocessing = 0;
		};
/* End PBXFrameworksBuildPhase section */

/* Begin PBXGroup section */
		8765F4A421F4E6F800F63C9E /* Supporting Files */ = {
			isa = PBXGroup;
			children = (
				8765F4A821F4E74100F63C9E /* Default-568h@2x.png */,
				C8F140CE1D2BA20200D6ACE9 /* background.jpeg */,
				C83721F61D19C23C00F311F0 /* Assets.xcassets */,
				C83721F81D19C23C00F311F0 /* LaunchScreen.storyboard */,
			);
			path = "Supporting Files";
			sourceTree = "<group>";
		};
		8765F4A521F4E70400F63C9E /* Controller */ = {
			isa = PBXGroup;
			children = (
				C83721F11D19C23C00F311F0 /* ViewController.swift */,
			);
			path = Controller;
			sourceTree = "<group>";
		};
		8765F4A621F4E70A00F63C9E /* View */ = {
			isa = PBXGroup;
			children = (
				C83721F31D19C23C00F311F0 /* Main.storyboard */,
			);
			path = View;
			sourceTree = "<group>";
		};
		8765F4A721F4E70F00F63C9E /* Model */ = {
			isa = PBXGroup;
			children = (
			);
			path = Model;
			sourceTree = "<group>";
		};
		C83721E31D19C23C00F311F0 = {
			isa = PBXGroup;
			children = (
				C83721EE1D19C23C00F311F0 /* API Demo */,
				C83721FB1D19C23C00F311F0 /* Info.plist */,
				C83721ED1D19C23C00F311F0 /* Products */,
			);
			sourceTree = "<group>";
		};
		C83721ED1D19C23C00F311F0 /* Products */ = {
			isa = PBXGroup;
			children = (
				C83721EC1D19C23C00F311F0 /* API Demo.app */,
			);
			name = Products;
			sourceTree = "<group>";
		};
		C83721EE1D19C23C00F311F0 /* API Demo */ = {
			isa = PBXGroup;
			children = (
				C83721EF1D19C23C00F311F0 /* AppDelegate.swift */,
				8765F4A721F4E70F00F63C9E /* Model */,
				8765F4A621F4E70A00F63C9E /* View */,
				8765F4A521F4E70400F63C9E /* Controller */,
				8765F4A421F4E6F800F63C9E /* Supporting Files */,
			);
			path = "API Demo";
			sourceTree = "<group>";
		};
/* End PBXGroup section */

/* Begin PBXNativeTarget section */
		C83721EB1D19C23C00F311F0 /* API Demo */ = {
			isa = PBXNativeTarget;
			buildConfigurationList = C83721FE1D19C23C00F311F0 /* Build configuration list for PBXNativeTarget "API Demo" */;
			buildPhases = (
				C83721E81D19C23C00F311F0 /* Sources */,
				C83721E91D19C23C00F311F0 /* Frameworks */,
				C83721EA1D19C23C00F311F0 /* Resources */,
			);
			buildRules = (
			);
			dependencies = (
			);
			name = "API Demo";
			productName = "API Demo";
			productReference = C83721EC1D19C23C00F311F0 /* API Demo.app */;
			productType = "com.apple.product-type.application";
		};
/* End PBXNativeTarget section */

/* Begin PBXProject section */
		C83721E41D19C23C00F311F0 /* Project object */ = {
			isa = PBXProject;
			attributes = {
				LastSwiftUpdateCheck = 0800;
				LastUpgradeCheck = 1010;
				ORGANIZATIONNAME = Appfish;
				TargetAttributes = {
					C83721EB1D19C23C00F311F0 = {
						CreatedOnToolsVersion = 8.0;
						DevelopmentTeam = 9BS6UYQ9N9;
						LastSwiftMigration = 0900;
						ProvisioningStyle = Automatic;
					};
				};
			};
			buildConfigurationList = C83721E71D19C23C00F311F0 /* Build configuration list for PBXProject "API Demo" */;
			compatibilityVersion = "Xcode 3.2";
			developmentRegion = English;
			hasScannedForEncodings = 0;
			knownRegions = (
				en,
				Base,
			);
			mainGroup = C83721E31D19C23C00F311F0;
			productRefGroup = C83721ED1D19C23C00F311F0 /* Products */;
			projectDirPath = "";
			projectRoot = "";
			targets = (
				C83721EB1D19C23C00F311F0 /* API Demo */,
			);
		};
/* End PBXProject section */

/* Begin PBXResourcesBuildPhase section */
		C83721EA1D19C23C00F311F0 /* Resources */ = {
			isa = PBXResourcesBuildPhase;
			buildActionMask = 2147483647;
			files = (
				C83721FA1D19C23C00F311F0 /* LaunchScreen.storyboard in Resources */,
				C83721F71D19C23C00F311F0 /* Assets.xcassets in Resources */,
				C83721F51D19C23C00F311F0 /* Main.storyboard in Resources */,
				8765F4A921F4E74100F63C9E /* Default-568h@2x.png in Resources */,
				C8F140CF1D2BA20200D6ACE9 /* background.jpeg in Resources */,
			);
			runOnlyForDeploymentPostprocessing = 0;
		};
/* End PBXResourcesBuildPhase section */

/* Begin PBXSourcesBuildPhase section */
		C83721E81D19C23C00F311F0 /* Sources */ = {
			isa = PBXSourcesBuildPhase;
			buildActionMask = 2147483647;
			files = (
				C83721F21D19C23C00F311F0 /* ViewController.swift in Sources */,
				C83721F01D19C23C00F311F0 /* AppDelegate.swift in Sources */,
			);
			runOnlyForDeploymentPostprocessing = 0;
		};
/* End PBXSourcesBuildPhase section */

/* Begin PBXVariantGroup section */
		C83721F31D19C23C00F311F0 /* Main.storyboard */ = {
			isa = PBXVariantGroup;
			children = (
				C83721F41D19C23C00F311F0 /* Base */,
			);
			name = Main.storyboard;
			sourceTree = "<group>";
		};
		C83721F81D19C23C00F311F0 /* LaunchScreen.storyboard */ = {
			isa = PBXVariantGroup;
			children = (
				C83721F91D19C23C00F311F0 /* Base */,
			);
			name = LaunchScreen.storyboard;
			sourceTree = "<group>";
		};
/* End PBXVariantGroup section */

/* Begin XCBuildConfiguration section */
		C83721FC1D19C23C00F311F0 /* Debug */ = {
			isa = XCBuildConfiguration;
			buildSettings = {
				ALWAYS_SEARCH_USER_PATHS = NO;
				CLANG_ANALYZER_NONNULL = YES;
				CLANG_CXX_LANGUAGE_STANDARD = "gnu++0x";
				CLANG_CXX_LIBRARY = "libc++";
				CLANG_ENABLE_MODULES = YES;
				CLANG_ENABLE_OBJC_ARC = YES;
				CLANG_WARN_BLOCK_CAPTURE_AUTORELEASING = YES;
				CLANG_WARN_BOOL_CONVERSION = YES;
				CLANG_WARN_COMMA = YES;
				CLANG_WARN_CONSTANT_CONVERSION = YES;
				CLANG_WARN_DEPRECATED_OBJC_IMPLEMENTATIONS = YES;
				CLANG_WARN_DIRECT_OBJC_ISA_USAGE = YES_ERROR;
				CLANG_WARN_DOCUMENTATION_COMMENTS = YES;
				CLANG_WARN_EMPTY_BODY = YES;
				CLANG_WARN_ENUM_CONVERSION = YES;
				CLANG_WARN_INFINITE_RECURSION = YES;
				CLANG_WARN_INT_CONVERSION = YES;
				CLANG_WARN_NON_LITERAL_NULL_CONVERSION = YES;
				CLANG_WARN_OBJC_IMPLICIT_RETAIN_SELF = YES;
				CLANG_WARN_OBJC_LITERAL_CONVERSION = YES;
				CLANG_WARN_OBJC_ROOT_CLASS = YES_ERROR;
				CLANG_WARN_RANGE_LOOP_ANALYSIS = YES;
				CLANG_WARN_STRICT_PROTOTYPES = YES;
				CLANG_WARN_SUSPICIOUS_MOVE = YES;
				CLANG_WARN_UNREACHABLE_CODE = YES;
				CLANG_WARN__DUPLICATE_METHOD_MATCH = YES;
				"CODE_SIGN_IDENTITY[sdk=iphoneos*]" = "iPhone Developer";
				COPY_PHASE_STRIP = NO;
				DEBUG_INFORMATION_FORMAT = dwarf;
				ENABLE_STRICT_OBJC_MSGSEND = YES;
				ENABLE_TESTABILITY = YES;
				GCC_C_LANGUAGE_STANDARD = gnu99;
				GCC_DYNAMIC_NO_PIC = NO;
				GCC_NO_COMMON_BLOCKS = YES;
				GCC_OPTIMIZATION_LEVEL = 0;
				GCC_PREPROCESSOR_DEFINITIONS = (
					"DEBUG=1",
					"$(inherited)",
				);
				GCC_WARN_64_TO_32_BIT_CONVERSION = YES;
				GCC_WARN_ABOUT_RETURN_TYPE = YES_ERROR;
				GCC_WARN_UNDECLARED_SELECTOR = YES;
				GCC_WARN_UNINITIALIZED_AUTOS = YES_AGGRESSIVE;
				GCC_WARN_UNUSED_FUNCTION = YES;
				GCC_WARN_UNUSED_VARIABLE = YES;
				IPHONEOS_DEPLOYMENT_TARGET = 10.0;
				MTL_ENABLE_DEBUG_INFO = YES;
				ONLY_ACTIVE_ARCH = YES;
				SDKROOT = iphoneos;
				SWIFT_ACTIVE_COMPILATION_CONDITIONS = DEBUG;
				SWIFT_OPTIMIZATION_LEVEL = "-Onone";
			};
			name = Debug;
		};
		C83721FD1D19C23C00F311F0 /* Release */ = {
			isa = XCBuildConfiguration;
			buildSettings = {
				ALWAYS_SEARCH_USER_PATHS = NO;
				CLANG_ANALYZER_NONNULL = YES;
				CLANG_CXX_LANGUAGE_STANDARD = "gnu++0x";
				CLANG_CXX_LIBRARY = "libc++";
				CLANG_ENABLE_MODULES = YES;
				CLANG_ENABLE_OBJC_ARC = YES;
				CLANG_WARN_BLOCK_CAPTURE_AUTORELEASING = YES;
				CLANG_WARN_BOOL_CONVERSION = YES;
				CLANG_WARN_COMMA = YES;
				CLANG_WARN_CONSTANT_CONVERSION = YES;
				CLANG_WARN_DEPRECATED_OBJC_IMPLEMENTATIONS = YES;
				CLANG_WARN_DIRECT_OBJC_ISA_USAGE = YES_ERROR;
				CLANG_WARN_DOCUMENTATION_COMMENTS = YES;
				CLANG_WARN_EMPTY_BODY = YES;
				CLANG_WARN_ENUM_CONVERSION = YES;
				CLANG_WARN_INFINITE_RECURSION = YES;
				CLANG_WARN_INT_CONVERSION = YES;
				CLANG_WARN_NON_LITERAL_NULL_CONVERSION = YES;
				CLANG_WARN_OBJC_IMPLICIT_RETAIN_SELF = YES;
				CLANG_WARN_OBJC_LITERAL_CONVERSION = YES;
				CLANG_WARN_OBJC_ROOT_CLASS = YES_ERROR;
				CLANG_WARN_RANGE_LOOP_ANALYSIS = YES;
				CLANG_WARN_STRICT_PROTOTYPES = YES;
				CLANG_WARN_SUSPICIOUS_MOVE = YES;
				CLANG_WARN_UNREACHABLE_CODE = YES;
				CLANG_WARN__DUPLICATE_METHOD_MATCH = YES;
				"CODE_SIGN_IDENTITY[sdk=iphoneos*]" = "iPhone Developer";
				COPY_PHASE_STRIP = NO;
				DEBUG_INFORMATION_FORMAT = "dwarf-with-dsym";
				ENABLE_NS_ASSERTIONS = NO;
				ENABLE_STRICT_OBJC_MSGSEND = YES;
				GCC_C_LANGUAGE_STANDARD = gnu99;
				GCC_NO_COMMON_BLOCKS = YES;
				GCC_WARN_64_TO_32_BIT_CONVERSION = YES;
				GCC_WARN_ABOUT_RETURN_TYPE = YES_ERROR;
				GCC_WARN_UNDECLARED_SELECTOR = YES;
				GCC_WARN_UNINITIALIZED_AUTOS = YES_AGGRESSIVE;
				GCC_WARN_UNUSED_FUNCTION = YES;
				GCC_WARN_UNUSED_VARIABLE = YES;
				IPHONEOS_DEPLOYMENT_TARGET = 10.0;
				MTL_ENABLE_DEBUG_INFO = NO;
				SDKROOT = iphoneos;
				SWIFT_OPTIMIZATION_LEVEL = "-Owholemodule";
				VALIDATE_PRODUCT = YES;
			};
			name = Release;
		};
		C83721FF1D19C23C00F311F0 /* Debug */ = {
			isa = XCBuildConfiguration;
			buildSettings = {
				ASSETCATALOG_COMPILER_APPICON_NAME = AppIcon;
				CODE_SIGN_IDENTITY = "iPhone Developer";
				CODE_SIGN_STYLE = Automatic;
				DEVELOPMENT_TEAM = 9BS6UYQ9N9;
				INFOPLIST_FILE = "API Demo/Info.plist";
				IPHONEOS_DEPLOYMENT_TARGET = 12.0;
				LD_RUNPATH_SEARCH_PATHS = "$(inherited) @executable_path/Frameworks";
				PRODUCT_BUNDLE_IDENTIFIER = "com.appfish.API-Demo";
				PRODUCT_NAME = "$(TARGET_NAME)";
				PROVISIONING_PROFILE_SPECIFIER = "";
				SWIFT_SWIFT3_OBJC_INFERENCE = Off;
				SWIFT_VERSION = 4.0;
			};
			name = Debug;
		};
		C83722001D19C23C00F311F0 /* Release */ = {
			isa = XCBuildConfiguration;
			buildSettings = {
				ASSETCATALOG_COMPILER_APPICON_NAME = AppIcon;
				CODE_SIGN_IDENTITY = "iPhone Developer";
				CODE_SIGN_STYLE = Automatic;
				DEVELOPMENT_TEAM = 9BS6UYQ9N9;
				INFOPLIST_FILE = "API Demo/Info.plist";
				IPHONEOS_DEPLOYMENT_TARGET = 12.0;
				LD_RUNPATH_SEARCH_PATHS = "$(inherited) @executable_path/Frameworks";
				PRODUCT_BUNDLE_IDENTIFIER = "com.appfish.API-Demo";
				PRODUCT_NAME = "$(TARGET_NAME)";
				PROVISIONING_PROFILE_SPECIFIER = "";
				SWIFT_SWIFT3_OBJC_INFERENCE = Off;
				SWIFT_VERSION = 4.0;
			};
			name = Release;
		};
/* End XCBuildConfiguration section */

/* Begin XCConfigurationList section */
		C83721E71D19C23C00F311F0 /* Build configuration list for PBXProject "API Demo" */ = {
			isa = XCConfigurationList;
			buildConfigurations = (
				C83721FC1D19C23C00F311F0 /* Debug */,
				C83721FD1D19C23C00F311F0 /* Release */,
			);
			defaultConfigurationIsVisible = 0;
			defaultConfigurationName = Release;
		};
		C83721FE1D19C23C00F311F0 /* Build configuration list for PBXNativeTarget "API Demo" */ = {
			isa = XCConfigurationList;
			buildConfigurations = (
				C83721FF1D19C23C00F311F0 /* Debug */,
				C83722001D19C23C00F311F0 /* Release */,
			);
			defaultConfigurationIsVisible = 0;
			defaultConfigurationName = Release;
		};
/* End XCConfigurationList section */
	};
	rootObject = C83721E41D19C23C00F311F0 /* Project object */;
}
