// !$*UTF8*$!
{
	archiveVersion = 1;
	classes = {
	};
	objectVersion = 50;
	objects = {

/* Begin PBXBuildFile section */
		87A592D221A9BB570081C209 /* Shunting-Yard-Algorithm.m in Sources */ = {isa = PBXBuildFile; fileRef = 87A592D121A9BB570081C209 /* Shunting-Yard-Algorithm.m */; };
		87CC9C9021A51384006BC1D0 /* AppDelegate.swift in Sources */ = {isa = PBXBuildFile; fileRef = 87CC9C8F21A51384006BC1D0 /* AppDelegate.swift */; };
		87CC9C9221A51384006BC1D0 /* ViewController.swift in Sources */ = {isa = PBXBuildFile; fileRef = 87CC9C9121A51384006BC1D0 /* ViewController.swift */; };
		87CC9C9521A51384006BC1D0 /* Main.storyboard in Resources */ = {isa = PBXBuildFile; fileRef = 87CC9C9321A51384006BC1D0 /* Main.storyboard */; };
		87CC9C9721A51387006BC1D0 /* Assets.xcassets in Resources */ = {isa = PBXBuildFile; fileRef = 87CC9C9621A51387006BC1D0 /* Assets.xcassets */; };
		87CC9C9A21A51387006BC1D0 /* LaunchScreen.storyboard in Resources */ = {isa = PBXBuildFile; fileRef = 87CC9C9821A51387006BC1D0 /* LaunchScreen.storyboard */; };
/* End PBXBuildFile section */

/* Begin PBXFileReference section */
		87A592CF21A9BB130081C209 /* ImportCalculatorToSwift.h */ = {isa = PBXFileReference; lastKnownFileType = sourcecode.c.h; path = ImportCalculatorToSwift.h; sourceTree = "<group>"; };
		87A592D021A9BB570081C209 /* Shunting-Yard-Algorithm.h */ = {isa = PBXFileReference; lastKnownFileType = sourcecode.c.h; path = "Shunting-Yard-Algorithm.h"; sourceTree = "<group>"; };
		87A592D121A9BB570081C209 /* Shunting-Yard-Algorithm.m */ = {isa = PBXFileReference; lastKnownFileType = sourcecode.c.objc; path = "Shunting-Yard-Algorithm.m"; sourceTree = "<group>"; };
		87CC9C8C21A51384006BC1D0 /* Calculator.app */ = {isa = PBXFileReference; explicitFileType = wrapper.application; includeInIndex = 0; path = Calculator.app; sourceTree = BUILT_PRODUCTS_DIR; };
		87CC9C8F21A51384006BC1D0 /* AppDelegate.swift */ = {isa = PBXFileReference; lastKnownFileType = sourcecode.swift; path = AppDelegate.swift; sourceTree = "<group>"; };
		87CC9C9121A51384006BC1D0 /* ViewController.swift */ = {isa = PBXFileReference; lastKnownFileType = sourcecode.swift; path = ViewController.swift; sourceTree = "<group>"; };
		87CC9C9421A51384006BC1D0 /* Base */ = {isa = PBXFileReference; lastKnownFileType = file.storyboard; name = Base; path = Base.lproj/Main.storyboard; sourceTree = "<group>"; };
		87CC9C9621A51387006BC1D0 /* Assets.xcassets */ = {isa = PBXFileReference; lastKnownFileType = folder.assetcatalog; path = Assets.xcassets; sourceTree = "<group>"; };
		87CC9C9921A51387006BC1D0 /* Base */ = {isa = PBXFileReference; lastKnownFileType = file.storyboard; name = Base; path = Base.lproj/LaunchScreen.storyboard; sourceTree = "<group>"; };
		87CC9C9B21A51387006BC1D0 /* Info.plist */ = {isa = PBXFileReference; lastKnownFileType = text.plist.xml; path = Info.plist; sourceTree = "<group>"; };
/* End PBXFileReference section */

/* Begin PBXFrameworksBuildPhase section */
		87CC9C8921A51384006BC1D0 /* Frameworks */ = {
			isa = PBXFrameworksBuildPhase;
			buildActionMask = 2147483647;
			files = (
			);
			runOnlyForDeploymentPostprocessing = 0;
		};
/* End PBXFrameworksBuildPhase section */

/* Begin PBXGroup section */
		87CC9C8321A51384006BC1D0 = {
			isa = PBXGroup;
			children = (
				87CC9C8E21A51384006BC1D0 /* Calculator */,
				87CC9C8D21A51384006BC1D0 /* Products */,
			);
			sourceTree = "<group>";
		};
		87CC9C8D21A51384006BC1D0 /* Products */ = {
			isa = PBXGroup;
			children = (
				87CC9C8C21A51384006BC1D0 /* Calculator.app */,
			);
			name = Products;
			sourceTree = "<group>";
		};
		87CC9C8E21A51384006BC1D0 /* Calculator */ = {
			isa = PBXGroup;
			children = (
				87CC9CA121A522FE006BC1D0 /* Model */,
				87CC9CA221A52305006BC1D0 /* View */,
				87CC9CA321A5230B006BC1D0 /* Controller */,
				87CC9C9621A51387006BC1D0 /* Assets.xcassets */,
				87CC9C9B21A51387006BC1D0 /* Info.plist */,
				87CC9C9821A51387006BC1D0 /* LaunchScreen.storyboard */,
			);
			path = Calculator;
			sourceTree = "<group>";
		};
		87CC9CA121A522FE006BC1D0 /* Model */ = {
			isa = PBXGroup;
			children = (
				87A592CF21A9BB130081C209 /* ImportCalculatorToSwift.h */,
				87A592D021A9BB570081C209 /* Shunting-Yard-Algorithm.h */,
				87A592D121A9BB570081C209 /* Shunting-Yard-Algorithm.m */,
			);
			path = Model;
			sourceTree = "<group>";
		};
		87CC9CA221A52305006BC1D0 /* View */ = {
			isa = PBXGroup;
			children = (
				87CC9C9321A51384006BC1D0 /* Main.storyboard */,
			);
			path = View;
			sourceTree = "<group>";
		};
		87CC9CA321A5230B006BC1D0 /* Controller */ = {
			isa = PBXGroup;
			children = (
				87CC9C8F21A51384006BC1D0 /* AppDelegate.swift */,
				87CC9C9121A51384006BC1D0 /* ViewController.swift */,
			);
			path = Controller;
			sourceTree = "<group>";
		};
/* End PBXGroup section */

/* Begin PBXNativeTarget section */
		87CC9C8B21A51384006BC1D0 /* Calculator */ = {
			isa = PBXNativeTarget;
			buildConfigurationList = 87CC9C9E21A51387006BC1D0 /* Build configuration list for PBXNativeTarget "Calculator" */;
			buildPhases = (
				87CC9C8821A51384006BC1D0 /* Sources */,
				87CC9C8921A51384006BC1D0 /* Frameworks */,
				87CC9C8A21A51384006BC1D0 /* Resources */,
			);
			buildRules = (
			);
			dependencies = (
			);
			name = Calculator;
			productName = Calculator;
			productReference = 87CC9C8C21A51384006BC1D0 /* Calculator.app */;
			productType = "com.apple.product-type.application";
		};
/* End PBXNativeTarget section */

/* Begin PBXProject section */
		87CC9C8421A51384006BC1D0 /* Project object */ = {
			isa = PBXProject;
			attributes = {
				LastSwiftUpdateCheck = 1010;
				LastUpgradeCheck = 1010;
				ORGANIZATIONNAME = "S M HEMEL";
				TargetAttributes = {
					87CC9C8B21A51384006BC1D0 = {
						CreatedOnToolsVersion = 10.1;
						LastSwiftMigration = 1010;
					};
				};
			};
			buildConfigurationList = 87CC9C8721A51384006BC1D0 /* Build configuration list for PBXProject "Calculator" */;
			compatibilityVersion = "Xcode 9.3";
			developmentRegion = en;
			hasScannedForEncodings = 0;
			knownRegions = (
				en,
				Base,
			);
			mainGroup = 87CC9C8321A51384006BC1D0;
			productRefGroup = 87CC9C8D21A51384006BC1D0 /* Products */;
			projectDirPath = "";
			projectRoot = "";
			targets = (
				87CC9C8B21A51384006BC1D0 /* Calculator */,
			);
		};
/* End PBXProject section */

/* Begin PBXResourcesBuildPhase section */
		87CC9C8A21A51384006BC1D0 /* Resources */ = {
			isa = PBXResourcesBuildPhase;
			buildActionMask = 2147483647;
			files = (
				87CC9C9A21A51387006BC1D0 /* LaunchScreen.storyboard in Resources */,
				87CC9C9721A51387006BC1D0 /* Assets.xcassets in Resources */,
				87CC9C9521A51384006BC1D0 /* Main.storyboard in Resources */,
			);
			runOnlyForDeploymentPostprocessing = 0;
		};
/* End PBXResourcesBuildPhase section */

/* Begin PBXSourcesBuildPhase section */
		87CC9C8821A51384006BC1D0 /* Sources */ = {
			isa = PBXSourcesBuildPhase;
			buildActionMask = 2147483647;
			files = (
				87A592D221A9BB570081C209 /* Shunting-Yard-Algorithm.m in Sources */,
				87CC9C9221A51384006BC1D0 /* ViewController.swift in Sources */,
				87CC9C9021A51384006BC1D0 /* AppDelegate.swift in Sources */,
			);
			runOnlyForDeploymentPostprocessing = 0;
		};
/* End PBXSourcesBuildPhase section */

/* Begin PBXVariantGroup section */
		87CC9C9321A51384006BC1D0 /* Main.storyboard */ = {
			isa = PBXVariantGroup;
			children = (
				87CC9C9421A51384006BC1D0 /* Base */,
			);
			name = Main.storyboard;
			sourceTree = "<group>";
		};
		87CC9C9821A51387006BC1D0 /* LaunchScreen.storyboard */ = {
			isa = PBXVariantGroup;
			children = (
				87CC9C9921A51387006BC1D0 /* Base */,
			);
			name = LaunchScreen.storyboard;
			sourceTree = "<group>";
		};
/* End PBXVariantGroup section */

/* Begin XCBuildConfiguration section */
		87CC9C9C21A51387006BC1D0 /* Debug */ = {
			isa = XCBuildConfiguration;
			buildSettings = {
				ALWAYS_SEARCH_USER_PATHS = NO;
				CLANG_ANALYZER_NONNULL = YES;
				CLANG_ANALYZER_NUMBER_OBJECT_CONVERSION = YES_AGGRESSIVE;
				CLANG_CXX_LANGUAGE_STANDARD = "gnu++14";
				CLANG_CXX_LIBRARY = "libc++";
				CLANG_ENABLE_MODULES = YES;
				CLANG_ENABLE_OBJC_ARC = YES;
				CLANG_ENABLE_OBJC_WEAK = YES;
				CLANG_WARN_BLOCK_CAPTURE_AUTORELEASING = YES;
				CLANG_WARN_BOOL_CONVERSION = YES;
				CLANG_WARN_COMMA = YES;
				CLANG_WARN_CONSTANT_CONVERSION = YES;
				CLANG_WARN_DEPRECATED_OBJC_IMPLEMENTATIONS = YES;
				CLANG_WARN_DIRECT_OBJC_ISA_USAGE = YES_ERROR;
				CLANG_WARN_DOCUMENTATION_COMMENTS = YES;
				CLANG_WARN_EMPTY_BODY = YES;
				CLANG_WARN_ENUM_CONVERSION = YES;
				CLANG_WARN_INFINITE_RECURSION = YES;
				CLANG_WARN_INT_CONVERSION = YES;
				CLANG_WARN_NON_LITERAL_NULL_CONVERSION = YES;
				CLANG_WARN_OBJC_IMPLICIT_RETAIN_SELF = YES;
				CLANG_WARN_OBJC_LITERAL_CONVERSION = YES;
				CLANG_WARN_OBJC_ROOT_CLASS = YES_ERROR;
				CLANG_WARN_RANGE_LOOP_ANALYSIS = YES;
				CLANG_WARN_STRICT_PROTOTYPES = YES;
				CLANG_WARN_SUSPICIOUS_MOVE = YES;
				CLANG_WARN_UNGUARDED_AVAILABILITY = YES_AGGRESSIVE;
				CLANG_WARN_UNREACHABLE_CODE = YES;
				CLANG_WARN__DUPLICATE_METHOD_MATCH = YES;
				CODE_SIGN_IDENTITY = "iPhone Developer";
				COPY_PHASE_STRIP = NO;
				DEBUG_INFORMATION_FORMAT = dwarf;
				ENABLE_STRICT_OBJC_MSGSEND = YES;
				ENABLE_TESTABILITY = YES;
				GCC_C_LANGUAGE_STANDARD = gnu11;
				GCC_DYNAMIC_NO_PIC = NO;
				GCC_NO_COMMON_BLOCKS = YES;
				GCC_OPTIMIZATION_LEVEL = 0;
				GCC_PREPROCESSOR_DEFINITIONS = (
					"DEBUG=1",
					"$(inherited)",
				);
				GCC_WARN_64_TO_32_BIT_CONVERSION = YES;
				GCC_WARN_ABOUT_RETURN_TYPE = YES_ERROR;
				GCC_WARN_UNDECLARED_SELECTOR = YES;
				GCC_WARN_UNINITIALIZED_AUTOS = YES_AGGRESSIVE;
				GCC_WARN_UNUSED_FUNCTION = YES;
				GCC_WARN_UNUSED_VARIABLE = YES;
				IPHONEOS_DEPLOYMENT_TARGET = 12.1;
				MTL_ENABLE_DEBUG_INFO = INCLUDE_SOURCE;
				MTL_FAST_MATH = YES;
				ONLY_ACTIVE_ARCH = YES;
				SDKROOT = iphoneos;
				SWIFT_ACTIVE_COMPILATION_CONDITIONS = DEBUG;
				SWIFT_OPTIMIZATION_LEVEL = "-Onone";
			};
			name = Debug;
		};
		87CC9C9D21A51387006BC1D0 /* Release */ = {
			isa = XCBuildConfiguration;
			buildSettings = {
				ALWAYS_SEARCH_USER_PATHS = NO;
				CLANG_ANALYZER_NONNULL = YES;
				CLANG_ANALYZER_NUMBER_OBJECT_CONVERSION = YES_AGGRESSIVE;
				CLANG_CXX_LANGUAGE_STANDARD = "gnu++14";
				CLANG_CXX_LIBRARY = "libc++";
				CLANG_ENABLE_MODULES = YES;
				CLANG_ENABLE_OBJC_ARC = YES;
				CLANG_ENABLE_OBJC_WEAK = YES;
				CLANG_WARN_BLOCK_CAPTURE_AUTORELEASING = YES;
				CLANG_WARN_BOOL_CONVERSION = YES;
				CLANG_WARN_COMMA = YES;
				CLANG_WARN_CONSTANT_CONVERSION = YES;
				CLANG_WARN_DEPRECATED_OBJC_IMPLEMENTATIONS = YES;
				CLANG_WARN_DIRECT_OBJC_ISA_USAGE = YES_ERROR;
				CLANG_WARN_DOCUMENTATION_COMMENTS = YES;
				CLANG_WARN_EMPTY_BODY = YES;
				CLANG_WARN_ENUM_CONVERSION = YES;
				CLANG_WARN_INFINITE_RECURSION = YES;
				CLANG_WARN_INT_CONVERSION = YES;
				CLANG_WARN_NON_LITERAL_NULL_CONVERSION = YES;
				CLANG_WARN_OBJC_IMPLICIT_RETAIN_SELF = YES;
				CLANG_WARN_OBJC_LITERAL_CONVERSION = YES;
				CLANG_WARN_OBJC_ROOT_CLASS = YES_ERROR;
				CLANG_WARN_RANGE_LOOP_ANALYSIS = YES;
				CLANG_WARN_STRICT_PROTOTYPES = YES;
				CLANG_WARN_SUSPICIOUS_MOVE = YES;
				CLANG_WARN_UNGUARDED_AVAILABILITY = YES_AGGRESSIVE;
				CLANG_WARN_UNREACHABLE_CODE = YES;
				CLANG_WARN__DUPLICATE_METHOD_MATCH = YES;
				CODE_SIGN_IDENTITY = "iPhone Developer";
				COPY_PHASE_STRIP = NO;
				DEBUG_INFORMATION_FORMAT = "dwarf-with-dsym";
				ENABLE_NS_ASSERTIONS = NO;
				ENABLE_STRICT_OBJC_MSGSEND = YES;
				GCC_C_LANGUAGE_STANDARD = gnu11;
				GCC_NO_COMMON_BLOCKS = YES;
				GCC_WARN_64_TO_32_BIT_CONVERSION = YES;
				GCC_WARN_ABOUT_RETURN_TYPE = YES_ERROR;
				GCC_WARN_UNDECLARED_SELECTOR = YES;
				GCC_WARN_UNINITIALIZED_AUTOS = YES_AGGRESSIVE;
				GCC_WARN_UNUSED_FUNCTION = YES;
				GCC_WARN_UNUSED_VARIABLE = YES;
				IPHONEOS_DEPLOYMENT_TARGET = 12.1;
				MTL_ENABLE_DEBUG_INFO = NO;
				MTL_FAST_MATH = YES;
				SDKROOT = iphoneos;
				SWIFT_COMPILATION_MODE = wholemodule;
				SWIFT_OPTIMIZATION_LEVEL = "-O";
				VALIDATE_PRODUCT = YES;
			};
			name = Release;
		};
		87CC9C9F21A51387006BC1D0 /* Debug */ = {
			isa = XCBuildConfiguration;
			buildSettings = {
				ASSETCATALOG_COMPILER_APPICON_NAME = AppIcon;
				CLANG_ENABLE_MODULES = YES;
				CODE_SIGN_STYLE = Automatic;
				DEVELOPMENT_TEAM = 9BS6UYQ9N9;
				INFOPLIST_FILE = Calculator/Info.plist;
				LD_RUNPATH_SEARCH_PATHS = (
					"$(inherited)",
					"@executable_path/Frameworks",
				);
				PRODUCT_BUNDLE_IDENTIFIER = "Eastern-University.Calculator";
				PRODUCT_NAME = "$(TARGET_NAME)";
				SWIFT_OBJC_BRIDGING_HEADER = "Calculator/Model/Calculator-Bridging-Header.h";
				SWIFT_OPTIMIZATION_LEVEL = "-Onone";
				SWIFT_VERSION = 4.2;
				TARGETED_DEVICE_FAMILY = "1,2";
			};
			name = Debug;
		};
		87CC9CA021A51387006BC1D0 /* Release */ = {
			isa = XCBuildConfiguration;
			buildSettings = {
				ASSETCATALOG_COMPILER_APPICON_NAME = AppIcon;
				CLANG_ENABLE_MODULES = YES;
				CODE_SIGN_STYLE = Automatic;
				DEVELOPMENT_TEAM = 9BS6UYQ9N9;
				INFOPLIST_FILE = Calculator/Info.plist;
				LD_RUNPATH_SEARCH_PATHS = (
					"$(inherited)",
					"@executable_path/Frameworks",
				);
				PRODUCT_BUNDLE_IDENTIFIER = "Eastern-University.Calculator";
				PRODUCT_NAME = "$(TARGET_NAME)";
				SWIFT_OBJC_BRIDGING_HEADER = "Calculator/Model/Calculator-Bridging-Header.h";
				SWIFT_VERSION = 4.2;
				TARGETED_DEVICE_FAMILY = "1,2";
			};
			name = Release;
		};
/* End XCBuildConfiguration section */

/* Begin XCConfigurationList section */
		87CC9C8721A51384006BC1D0 /* Build configuration list for PBXProject "Calculator" */ = {
			isa = XCConfigurationList;
			buildConfigurations = (
				87CC9C9C21A51387006BC1D0 /* Debug */,
				87CC9C9D21A51387006BC1D0 /* Release */,
			);
			defaultConfigurationIsVisible = 0;
			defaultConfigurationName = Release;
		};
		87CC9C9E21A51387006BC1D0 /* Build configuration list for PBXNativeTarget "Calculator" */ = {
			isa = XCConfigurationList;
			buildConfigurations = (
				87CC9C9F21A51387006BC1D0 /* Debug */,
				87CC9CA021A51387006BC1D0 /* Release */,
			);
			defaultConfigurationIsVisible = 0;
			defaultConfigurationName = Release;
		};
/* End XCConfigurationList section */
	};
	rootObject = 87CC9C8421A51384006BC1D0 /* Project object */;
}
