// !$*UTF8*$!
{
	archiveVersion = 1;
	classes = {
	};
	objectVersion = 50;
	objects = {

/* Begin PBXBuildFile section */
		873ACE8E218DF6CE008BA169 /* AppDelegate.swift in Sources */ = {isa = PBXBuildFile; fileRef = 873ACE8D218DF6CE008BA169 /* AppDelegate.swift */; };
		873ACE90218DF6CE008BA169 /* WelcomeVC.swift in Sources */ = {isa = PBXBuildFile; fileRef = 873ACE8F218DF6CE008BA169 /* WelcomeVC.swift */; };
		873ACE93218DF6CE008BA169 /* Main.storyboard in Resources */ = {isa = PBXBuildFile; fileRef = 873ACE91218DF6CE008BA169 /* Main.storyboard */; };
		873ACE95218DF6D2008BA169 /* Assets.xcassets in Resources */ = {isa = PBXBuildFile; fileRef = 873ACE94218DF6D2008BA169 /* Assets.xcassets */; };
		873ACE98218DF6D2008BA169 /* LaunchScreen.storyboard in Resources */ = {isa = PBXBuildFile; fileRef = 873ACE96218DF6D2008BA169 /* LaunchScreen.storyboard */; };
		873ACEA1218DFF63008BA169 /* BorderButton.swift in Sources */ = {isa = PBXBuildFile; fileRef = 873ACEA0218DFF63008BA169 /* BorderButton.swift */; };
		873ACEA5218E35CD008BA169 /* LeagueVC.swift in Sources */ = {isa = PBXBuildFile; fileRef = 873ACEA4218E35CD008BA169 /* LeagueVC.swift */; };
		873ACEA7218E37C8008BA169 /* SkillVC.swift in Sources */ = {isa = PBXBuildFile; fileRef = 873ACEA6218E37C8008BA169 /* SkillVC.swift */; };
		873ACEA9218E3E57008BA169 /* Player.swift in Sources */ = {isa = PBXBuildFile; fileRef = 873ACEA8218E3E57008BA169 /* Player.swift */; };
/* End PBXBuildFile section */

/* Begin PBXFileReference section */
		873ACE8A218DF6CD008BA169 /* Swoosh.app */ = {isa = PBXFileReference; explicitFileType = wrapper.application; includeInIndex = 0; path = Swoosh.app; sourceTree = BUILT_PRODUCTS_DIR; };
		873ACE8D218DF6CE008BA169 /* AppDelegate.swift */ = {isa = PBXFileReference; lastKnownFileType = sourcecode.swift; path = AppDelegate.swift; sourceTree = "<group>"; };
		873ACE8F218DF6CE008BA169 /* WelcomeVC.swift */ = {isa = PBXFileReference; lastKnownFileType = sourcecode.swift; path = WelcomeVC.swift; sourceTree = "<group>"; };
		873ACE92218DF6CE008BA169 /* Base */ = {isa = PBXFileReference; lastKnownFileType = file.storyboard; name = Base; path = Base.lproj/Main.storyboard; sourceTree = "<group>"; };
		873ACE94218DF6D2008BA169 /* Assets.xcassets */ = {isa = PBXFileReference; lastKnownFileType = folder.assetcatalog; path = Assets.xcassets; sourceTree = "<group>"; };
		873ACE97218DF6D2008BA169 /* Base */ = {isa = PBXFileReference; lastKnownFileType = file.storyboard; name = Base; path = Base.lproj/LaunchScreen.storyboard; sourceTree = "<group>"; };
		873ACE99218DF6D2008BA169 /* Info.plist */ = {isa = PBXFileReference; lastKnownFileType = text.plist.xml; path = Info.plist; sourceTree = "<group>"; };
		873ACEA0218DFF63008BA169 /* BorderButton.swift */ = {isa = PBXFileReference; lastKnownFileType = sourcecode.swift; path = BorderButton.swift; sourceTree = "<group>"; };
		873ACEA4218E35CD008BA169 /* LeagueVC.swift */ = {isa = PBXFileReference; lastKnownFileType = sourcecode.swift; path = LeagueVC.swift; sourceTree = "<group>"; };
		873ACEA6218E37C8008BA169 /* SkillVC.swift */ = {isa = PBXFileReference; lastKnownFileType = sourcecode.swift; path = SkillVC.swift; sourceTree = "<group>"; };
		873ACEA8218E3E57008BA169 /* Player.swift */ = {isa = PBXFileReference; lastKnownFileType = sourcecode.swift; path = Player.swift; sourceTree = "<group>"; };
/* End PBXFileReference section */

/* Begin PBXFrameworksBuildPhase section */
		873ACE87218DF6CD008BA169 /* Frameworks */ = {
			isa = PBXFrameworksBuildPhase;
			buildActionMask = 2147483647;
			files = (
			);
			runOnlyForDeploymentPostprocessing = 0;
		};
/* End PBXFrameworksBuildPhase section */

/* Begin PBXGroup section */
		873ACE81218DF6CD008BA169 = {
			isa = PBXGroup;
			children = (
				873ACE8C218DF6CD008BA169 /* Swoosh */,
				873ACE8B218DF6CD008BA169 /* Products */,
			);
			sourceTree = "<group>";
		};
		873ACE8B218DF6CD008BA169 /* Products */ = {
			isa = PBXGroup;
			children = (
				873ACE8A218DF6CD008BA169 /* Swoosh.app */,
			);
			name = Products;
			sourceTree = "<group>";
		};
		873ACE8C218DF6CD008BA169 /* Swoosh */ = {
			isa = PBXGroup;
			children = (
				873ACEA3218E3581008BA169 /* Model */,
				873ACEA2218E3576008BA169 /* Controller */,
				873ACE9F218DFF43008BA169 /* Views */,
				873ACE8D218DF6CE008BA169 /* AppDelegate.swift */,
				873ACE91218DF6CE008BA169 /* Main.storyboard */,
				873ACE94218DF6D2008BA169 /* Assets.xcassets */,
				873ACE96218DF6D2008BA169 /* LaunchScreen.storyboard */,
				873ACE99218DF6D2008BA169 /* Info.plist */,
			);
			path = Swoosh;
			sourceTree = "<group>";
		};
		873ACE9F218DFF43008BA169 /* Views */ = {
			isa = PBXGroup;
			children = (
				873ACEA0218DFF63008BA169 /* BorderButton.swift */,
			);
			path = Views;
			sourceTree = "<group>";
		};
		873ACEA2218E3576008BA169 /* Controller */ = {
			isa = PBXGroup;
			children = (
				873ACE8F218DF6CE008BA169 /* WelcomeVC.swift */,
				873ACEA4218E35CD008BA169 /* LeagueVC.swift */,
				873ACEA6218E37C8008BA169 /* SkillVC.swift */,
			);
			path = Controller;
			sourceTree = "<group>";
		};
		873ACEA3218E3581008BA169 /* Model */ = {
			isa = PBXGroup;
			children = (
				873ACEA8218E3E57008BA169 /* Player.swift */,
			);
			path = Model;
			sourceTree = "<group>";
		};
/* End PBXGroup section */

/* Begin PBXNativeTarget section */
		873ACE89218DF6CD008BA169 /* Swoosh */ = {
			isa = PBXNativeTarget;
			buildConfigurationList = 873ACE9C218DF6D2008BA169 /* Build configuration list for PBXNativeTarget "Swoosh" */;
			buildPhases = (
				873ACE86218DF6CD008BA169 /* Sources */,
				873ACE87218DF6CD008BA169 /* Frameworks */,
				873ACE88218DF6CD008BA169 /* Resources */,
			);
			buildRules = (
			);
			dependencies = (
			);
			name = Swoosh;
			productName = Swoosh;
			productReference = 873ACE8A218DF6CD008BA169 /* Swoosh.app */;
			productType = "com.apple.product-type.application";
		};
/* End PBXNativeTarget section */

/* Begin PBXProject section */
		873ACE82218DF6CD008BA169 /* Project object */ = {
			isa = PBXProject;
			attributes = {
				LastSwiftUpdateCheck = 1010;
				LastUpgradeCheck = 1010;
				ORGANIZATIONNAME = "S M HEMEL";
				TargetAttributes = {
					873ACE89218DF6CD008BA169 = {
						CreatedOnToolsVersion = 10.1;
					};
				};
			};
			buildConfigurationList = 873ACE85218DF6CD008BA169 /* Build configuration list for PBXProject "Swoosh" */;
			compatibilityVersion = "Xcode 9.3";
			developmentRegion = en;
			hasScannedForEncodings = 0;
			knownRegions = (
				en,
				Base,
			);
			mainGroup = 873ACE81218DF6CD008BA169;
			productRefGroup = 873ACE8B218DF6CD008BA169 /* Products */;
			projectDirPath = "";
			projectRoot = "";
			targets = (
				873ACE89218DF6CD008BA169 /* Swoosh */,
			);
		};
/* End PBXProject section */

/* Begin PBXResourcesBuildPhase section */
		873ACE88218DF6CD008BA169 /* Resources */ = {
			isa = PBXResourcesBuildPhase;
			buildActionMask = 2147483647;
			files = (
				873ACE98218DF6D2008BA169 /* LaunchScreen.storyboard in Resources */,
				873ACE95218DF6D2008BA169 /* Assets.xcassets in Resources */,
				873ACE93218DF6CE008BA169 /* Main.storyboard in Resources */,
			);
			runOnlyForDeploymentPostprocessing = 0;
		};
/* End PBXResourcesBuildPhase section */

/* Begin PBXSourcesBuildPhase section */
		873ACE86218DF6CD008BA169 /* Sources */ = {
			isa = PBXSourcesBuildPhase;
			buildActionMask = 2147483647;
			files = (
				873ACE90218DF6CE008BA169 /* WelcomeVC.swift in Sources */,
				873ACE8E218DF6CE008BA169 /* AppDelegate.swift in Sources */,
				873ACEA5218E35CD008BA169 /* LeagueVC.swift in Sources */,
				873ACEA7218E37C8008BA169 /* SkillVC.swift in Sources */,
				873ACEA9218E3E57008BA169 /* Player.swift in Sources */,
				873ACEA1218DFF63008BA169 /* BorderButton.swift in Sources */,
			);
			runOnlyForDeploymentPostprocessing = 0;
		};
/* End PBXSourcesBuildPhase section */

/* Begin PBXVariantGroup section */
		873ACE91218DF6CE008BA169 /* Main.storyboard */ = {
			isa = PBXVariantGroup;
			children = (
				873ACE92218DF6CE008BA169 /* Base */,
			);
			name = Main.storyboard;
			sourceTree = "<group>";
		};
		873ACE96218DF6D2008BA169 /* LaunchScreen.storyboard */ = {
			isa = PBXVariantGroup;
			children = (
				873ACE97218DF6D2008BA169 /* Base */,
			);
			name = LaunchScreen.storyboard;
			sourceTree = "<group>";
		};
/* End PBXVariantGroup section */

/* Begin XCBuildConfiguration section */
		873ACE9A218DF6D2008BA169 /* Debug */ = {
			isa = XCBuildConfiguration;
			buildSettings = {
				ALWAYS_SEARCH_USER_PATHS = NO;
				CLANG_ANALYZER_NONNULL = YES;
				CLANG_ANALYZER_NUMBER_OBJECT_CONVERSION = YES_AGGRESSIVE;
				CLANG_CXX_LANGUAGE_STANDARD = "gnu++14";
				CLANG_CXX_LIBRARY = "libc++";
				CLANG_ENABLE_MODULES = YES;
				CLANG_ENABLE_OBJC_ARC = YES;
				CLANG_ENABLE_OBJC_WEAK = YES;
				CLANG_WARN_BLOCK_CAPTURE_AUTORELEASING = YES;
				CLANG_WARN_BOOL_CONVERSION = YES;
				CLANG_WARN_COMMA = YES;
				CLANG_WARN_CONSTANT_CONVERSION = YES;
				CLANG_WARN_DEPRECATED_OBJC_IMPLEMENTATIONS = YES;
				CLANG_WARN_DIRECT_OBJC_ISA_USAGE = YES_ERROR;
				CLANG_WARN_DOCUMENTATION_COMMENTS = YES;
				CLANG_WARN_EMPTY_BODY = YES;
				CLANG_WARN_ENUM_CONVERSION = YES;
				CLANG_WARN_INFINITE_RECURSION = YES;
				CLANG_WARN_INT_CONVERSION = YES;
				CLANG_WARN_NON_LITERAL_NULL_CONVERSION = YES;
				CLANG_WARN_OBJC_IMPLICIT_RETAIN_SELF = YES;
				CLANG_WARN_OBJC_LITERAL_CONVERSION = YES;
				CLANG_WARN_OBJC_ROOT_CLASS = YES_ERROR;
				CLANG_WARN_RANGE_LOOP_ANALYSIS = YES;
				CLANG_WARN_STRICT_PROTOTYPES = YES;
				CLANG_WARN_SUSPICIOUS_MOVE = YES;
				CLANG_WARN_UNGUARDED_AVAILABILITY = YES_AGGRESSIVE;
				CLANG_WARN_UNREACHABLE_CODE = YES;
				CLANG_WARN__DUPLICATE_METHOD_MATCH = YES;
				CODE_SIGN_IDENTITY = "iPhone Developer";
				COPY_PHASE_STRIP = NO;
				DEBUG_INFORMATION_FORMAT = dwarf;
				ENABLE_STRICT_OBJC_MSGSEND = YES;
				ENABLE_TESTABILITY = YES;
				GCC_C_LANGUAGE_STANDARD = gnu11;
				GCC_DYNAMIC_NO_PIC = NO;
				GCC_NO_COMMON_BLOCKS = YES;
				GCC_OPTIMIZATION_LEVEL = 0;
				GCC_PREPROCESSOR_DEFINITIONS = (
					"DEBUG=1",
					"$(inherited)",
				);
				GCC_WARN_64_TO_32_BIT_CONVERSION = YES;
				GCC_WARN_ABOUT_RETURN_TYPE = YES_ERROR;
				GCC_WARN_UNDECLARED_SELECTOR = YES;
				GCC_WARN_UNINITIALIZED_AUTOS = YES_AGGRESSIVE;
				GCC_WARN_UNUSED_FUNCTION = YES;
				GCC_WARN_UNUSED_VARIABLE = YES;
				IPHONEOS_DEPLOYMENT_TARGET = 12.1;
				MTL_ENABLE_DEBUG_INFO = INCLUDE_SOURCE;
				MTL_FAST_MATH = YES;
				ONLY_ACTIVE_ARCH = YES;
				SDKROOT = iphoneos;
				SWIFT_ACTIVE_COMPILATION_CONDITIONS = DEBUG;
				SWIFT_OPTIMIZATION_LEVEL = "-Onone";
			};
			name = Debug;
		};
		873ACE9B218DF6D2008BA169 /* Release */ = {
			isa = XCBuildConfiguration;
			buildSettings = {
				ALWAYS_SEARCH_USER_PATHS = NO;
				CLANG_ANALYZER_NONNULL = YES;
				CLANG_ANALYZER_NUMBER_OBJECT_CONVERSION = YES_AGGRESSIVE;
				CLANG_CXX_LANGUAGE_STANDARD = "gnu++14";
				CLANG_CXX_LIBRARY = "libc++";
				CLANG_ENABLE_MODULES = YES;
				CLANG_ENABLE_OBJC_ARC = YES;
				CLANG_ENABLE_OBJC_WEAK = YES;
				CLANG_WARN_BLOCK_CAPTURE_AUTORELEASING = YES;
				CLANG_WARN_BOOL_CONVERSION = YES;
				CLANG_WARN_COMMA = YES;
				CLANG_WARN_CONSTANT_CONVERSION = YES;
				CLANG_WARN_DEPRECATED_OBJC_IMPLEMENTATIONS = YES;
				CLANG_WARN_DIRECT_OBJC_ISA_USAGE = YES_ERROR;
				CLANG_WARN_DOCUMENTATION_COMMENTS = YES;
				CLANG_WARN_EMPTY_BODY = YES;
				CLANG_WARN_ENUM_CONVERSION = YES;
				CLANG_WARN_INFINITE_RECURSION = YES;
				CLANG_WARN_INT_CONVERSION = YES;
				CLANG_WARN_NON_LITERAL_NULL_CONVERSION = YES;
				CLANG_WARN_OBJC_IMPLICIT_RETAIN_SELF = YES;
				CLANG_WARN_OBJC_LITERAL_CONVERSION = YES;
				CLANG_WARN_OBJC_ROOT_CLASS = YES_ERROR;
				CLANG_WARN_RANGE_LOOP_ANALYSIS = YES;
				CLANG_WARN_STRICT_PROTOTYPES = YES;
				CLANG_WARN_SUSPICIOUS_MOVE = YES;
				CLANG_WARN_UNGUARDED_AVAILABILITY = YES_AGGRESSIVE;
				CLANG_WARN_UNREACHABLE_CODE = YES;
				CLANG_WARN__DUPLICATE_METHOD_MATCH = YES;
				CODE_SIGN_IDENTITY = "iPhone Developer";
				COPY_PHASE_STRIP = NO;
				DEBUG_INFORMATION_FORMAT = "dwarf-with-dsym";
				ENABLE_NS_ASSERTIONS = NO;
				ENABLE_STRICT_OBJC_MSGSEND = YES;
				GCC_C_LANGUAGE_STANDARD = gnu11;
				GCC_NO_COMMON_BLOCKS = YES;
				GCC_WARN_64_TO_32_BIT_CONVERSION = YES;
				GCC_WARN_ABOUT_RETURN_TYPE = YES_ERROR;
				GCC_WARN_UNDECLARED_SELECTOR = YES;
				GCC_WARN_UNINITIALIZED_AUTOS = YES_AGGRESSIVE;
				GCC_WARN_UNUSED_FUNCTION = YES;
				GCC_WARN_UNUSED_VARIABLE = YES;
				IPHONEOS_DEPLOYMENT_TARGET = 12.1;
				MTL_ENABLE_DEBUG_INFO = NO;
				MTL_FAST_MATH = YES;
				SDKROOT = iphoneos;
				SWIFT_COMPILATION_MODE = wholemodule;
				SWIFT_OPTIMIZATION_LEVEL = "-O";
				VALIDATE_PRODUCT = YES;
			};
			name = Release;
		};
		873ACE9D218DF6D2008BA169 /* Debug */ = {
			isa = XCBuildConfiguration;
			buildSettings = {
				ASSETCATALOG_COMPILER_APPICON_NAME = AppIcon;
				CODE_SIGN_STYLE = Automatic;
				DEVELOPMENT_TEAM = 9BS6UYQ9N9;
				INFOPLIST_FILE = Swoosh/Info.plist;
				IPHONEOS_DEPLOYMENT_TARGET = 10.3;
				LD_RUNPATH_SEARCH_PATHS = (
					"$(inherited)",
					"@executable_path/Frameworks",
				);
				PRODUCT_BUNDLE_IDENTIFIER = "Eastern-University.Swoosh";
				PRODUCT_NAME = "$(TARGET_NAME)";
				SWIFT_VERSION = 4.2;
				TARGETED_DEVICE_FAMILY = "1,2";
			};
			name = Debug;
		};
		873ACE9E218DF6D2008BA169 /* Release */ = {
			isa = XCBuildConfiguration;
			buildSettings = {
				ASSETCATALOG_COMPILER_APPICON_NAME = AppIcon;
				CODE_SIGN_STYLE = Automatic;
				DEVELOPMENT_TEAM = 9BS6UYQ9N9;
				INFOPLIST_FILE = Swoosh/Info.plist;
				IPHONEOS_DEPLOYMENT_TARGET = 10.3;
				LD_RUNPATH_SEARCH_PATHS = (
					"$(inherited)",
					"@executable_path/Frameworks",
				);
				PRODUCT_BUNDLE_IDENTIFIER = "Eastern-University.Swoosh";
				PRODUCT_NAME = "$(TARGET_NAME)";
				SWIFT_VERSION = 4.2;
				TARGETED_DEVICE_FAMILY = "1,2";
			};
			name = Release;
		};
/* End XCBuildConfiguration section */

/* Begin XCConfigurationList section */
		873ACE85218DF6CD008BA169 /* Build configuration list for PBXProject "Swoosh" */ = {
			isa = XCConfigurationList;
			buildConfigurations = (
				873ACE9A218DF6D2008BA169 /* Debug */,
				873ACE9B218DF6D2008BA169 /* Release */,
			);
			defaultConfigurationIsVisible = 0;
			defaultConfigurationName = Release;
		};
		873ACE9C218DF6D2008BA169 /* Build configuration list for PBXNativeTarget "Swoosh" */ = {
			isa = XCConfigurationList;
			buildConfigurations = (
				873ACE9D218DF6D2008BA169 /* Debug */,
				873ACE9E218DF6D2008BA169 /* Release */,
			);
			defaultConfigurationIsVisible = 0;
			defaultConfigurationName = Release;
		};
/* End XCConfigurationList section */
	};
	rootObject = 873ACE82218DF6CD008BA169 /* Project object */;
}
